
Microsoft Visual Studio Solution File, Format Version 12.00
# Visual Studio Version 16
VisualStudioVersion = 16.0.31727.386
MinimumVisualStudioVersion = 10.0.40219.1
Project("{FAE04EC0-301F-11D3-BF4B-00C04F79EFBC}") = "UnitTest_Mock", "UnitTest_Mock\UnitTest_Mock.csproj", "{59A30E45-F25B-41B2-AAE3-D084C65346C7}"
EndProject
Global
	GlobalSection(SolutionConfigurationPlatforms) = preSolution
		Debug|Any CPU = Debug|Any CPU
		Release|Any CPU = Release|Any CPU
	EndGlobalSection
	GlobalSection(ProjectConfigurationPlatforms) = postSolution
		{59A30E45-F25B-41B2-AAE3-D084C65346C7}.Debug|Any CPU.ActiveCfg = Debug|Any CPU
		{59A30E45-F25B-41B2-AAE3-D084C65346C7}.Debug|Any CPU.Build.0 = Debug|Any CPU
		{59A30E45-F25B-41B2-AAE3-D084C65346C7}.Release|Any CPU.ActiveCfg = Release|Any CPU
		{59A30E45-F25B-41B2-AAE3-D084C65346C7}.Release|Any CPU.Build.0 = Release|Any CPU
	EndGlobalSection
	GlobalSection(SolutionProperties) = preSolution
		HideSolutionNode = FALSE
	EndGlobalSection
	GlobalSection(ExtensibilityGlobals) = postSolution
		SolutionGuid = {A1E5F9C6-D2F5-4D62-9B38-2F5B5A03D40D}
	EndGlobalSection
EndGlobal
