
Microsoft Visual Studio Solution File, Format Version 12.00
# Visual Studio Version 16
VisualStudioVersion = 16.0.31727.386
MinimumVisualStudioVersion = 10.0.40219.1
Project("{F184B08F-C81C-45F6-A57F-5ABD9991F28F}") = "WebApp2", "WebApp2\WebApp2.vbproj", "{559D8837-3649-40BC-941E-C2ED3A16B548}"
EndProject
Global
	GlobalSection(SolutionConfigurationPlatforms) = preSolution
		Debug|Any CPU = Debug|Any CPU
		Release|Any CPU = Release|Any CPU
	EndGlobalSection
	GlobalSection(ProjectConfigurationPlatforms) = postSolution
		{559D8837-3649-40BC-941E-C2ED3A16B548}.Debug|Any CPU.ActiveCfg = Debug|Any CPU
		{559D8837-3649-40BC-941E-C2ED3A16B548}.Debug|Any CPU.Build.0 = Debug|Any CPU
		{559D8837-3649-40BC-941E-C2ED3A16B548}.Release|Any CPU.ActiveCfg = Release|Any CPU
		{559D8837-3649-40BC-941E-C2ED3A16B548}.Release|Any CPU.Build.0 = Release|Any CPU
	EndGlobalSection
	GlobalSection(SolutionProperties) = preSolution
		HideSolutionNode = FALSE
	EndGlobalSection
	GlobalSection(ExtensibilityGlobals) = postSolution
		SolutionGuid = {EDF823AC-C578-4600-AE76-31D7F7146F4A}
	EndGlobalSection
EndGlobal
